// !$*UTF8*$!
{
	archiveVersion = 1;
	classes = {
	};
	objectVersion = 55;
	objects = {

/* Begin PBXBuildFile section */
		7623B15B2763A38C004406F1 /* Day5.swift in Sources */ = {isa = PBXBuildFile; fileRef = 7623B15A2763A38C004406F1 /* Day5.swift */; };
		7624F5C1275A1B8600D1DEF4 /* Day3.swift in Sources */ = {isa = PBXBuildFile; fileRef = 7624F5C0275A1B8600D1DEF4 /* Day3.swift */; };
		767C93EB2758CBD00088394C /* Day2.swift in Sources */ = {isa = PBXBuildFile; fileRef = 767C93EA2758CBD00088394C /* Day2.swift */; };
		768BF28027626DFB00FC500D /* Day4.swift in Sources */ = {isa = PBXBuildFile; fileRef = 768BF27F27626DFB00FC500D /* Day4.swift */; };
		76B2021A2756951900D54F61 /* main.swift in Sources */ = {isa = PBXBuildFile; fileRef = 76B202192756951900D54F61 /* main.swift */; };
		76B3A7A9275783A700BE2DDA /* AOC_Solutions.framework in Frameworks */ = {isa = PBXBuildFile; fileRef = 76B3A7A1275783A600BE2DDA /* AOC_Solutions.framework */; };
		76B3A7AE275783A700BE2DDA /* AOC_SolutionsTests.swift in Sources */ = {isa = PBXBuildFile; fileRef = 76B3A7AD275783A700BE2DDA /* AOC_SolutionsTests.swift */; };
		76B3A7AF275783A700BE2DDA /* AOC_Solutions.h in Headers */ = {isa = PBXBuildFile; fileRef = 76B3A7A3275783A600BE2DDA /* AOC_Solutions.h */; settings = {ATTRIBUTES = (Public, ); }; };
		76B3A7B6275783AD00BE2DDA /* Day1.swift in Sources */ = {isa = PBXBuildFile; fileRef = 76ED3D41275773B4001A5C6F /* Day1.swift */; };
		76B3A7B7275783AD00BE2DDA /* Day.swift in Sources */ = {isa = PBXBuildFile; fileRef = 76ED3D4327577B9B001A5C6F /* Day.swift */; };
		76B3A7B92757848100BE2DDA /* AOC_Solutions.framework in Frameworks */ = {isa = PBXBuildFile; fileRef = 76B3A7A1275783A600BE2DDA /* AOC_Solutions.framework */; };
		76D57767275E2E2900197B77 /* Day6.swift in Sources */ = {isa = PBXBuildFile; fileRef = 76D57766275E2E2900197B77 /* Day6.swift */; };
/* End PBXBuildFile section */

/* Begin PBXContainerItemProxy section */
		76B3A7AA275783A700BE2DDA /* PBXContainerItemProxy */ = {
			isa = PBXContainerItemProxy;
			containerPortal = 76B2020E2756951900D54F61 /* Project object */;
			proxyType = 1;
			remoteGlobalIDString = 76B3A7A0275783A600BE2DDA;
			remoteInfo = "AOC-Solutions";
		};
/* End PBXContainerItemProxy section */

/* Begin PBXCopyFilesBuildPhase section */
		76B202142756951900D54F61 /* CopyFiles */ = {
			isa = PBXCopyFilesBuildPhase;
			buildActionMask = 2147483647;
			dstPath = /usr/share/man/man1/;
			dstSubfolderSpec = 0;
			files = (
			);
			runOnlyForDeploymentPostprocessing = 1;
		};
/* End PBXCopyFilesBuildPhase section */

/* Begin PBXFileReference section */
		7623B15A2763A38C004406F1 /* Day5.swift */ = {isa = PBXFileReference; lastKnownFileType = sourcecode.swift; path = Day5.swift; sourceTree = "<group>"; };
		7624F5C0275A1B8600D1DEF4 /* Day3.swift */ = {isa = PBXFileReference; lastKnownFileType = sourcecode.swift; path = Day3.swift; sourceTree = "<group>"; };
		767C93EA2758CBD00088394C /* Day2.swift */ = {isa = PBXFileReference; lastKnownFileType = sourcecode.swift; path = Day2.swift; sourceTree = "<group>"; };
		768BF27F27626DFB00FC500D /* Day4.swift */ = {isa = PBXFileReference; lastKnownFileType = sourcecode.swift; path = Day4.swift; sourceTree = "<group>"; };
		76B202162756951900D54F61 /* Kai-AOC */ = {isa = PBXFileReference; explicitFileType = "compiled.mach-o.executable"; includeInIndex = 0; path = "Kai-AOC"; sourceTree = BUILT_PRODUCTS_DIR; };
		76B202192756951900D54F61 /* main.swift */ = {isa = PBXFileReference; lastKnownFileType = sourcecode.swift; path = main.swift; sourceTree = "<group>"; };
		76B3A7A1275783A600BE2DDA /* AOC_Solutions.framework */ = {isa = PBXFileReference; explicitFileType = wrapper.framework; includeInIndex = 0; path = AOC_Solutions.framework; sourceTree = BUILT_PRODUCTS_DIR; };
		76B3A7A3275783A600BE2DDA /* AOC_Solutions.h */ = {isa = PBXFileReference; lastKnownFileType = sourcecode.c.h; path = AOC_Solutions.h; sourceTree = "<group>"; };
		76B3A7A8275783A700BE2DDA /* AOC-SolutionsTests.xctest */ = {isa = PBXFileReference; explicitFileType = wrapper.cfbundle; includeInIndex = 0; path = "AOC-SolutionsTests.xctest"; sourceTree = BUILT_PRODUCTS_DIR; };
		76B3A7AD275783A700BE2DDA /* AOC_SolutionsTests.swift */ = {isa = PBXFileReference; lastKnownFileType = sourcecode.swift; path = AOC_SolutionsTests.swift; sourceTree = "<group>"; };
		76D57766275E2E2900197B77 /* Day6.swift */ = {isa = PBXFileReference; lastKnownFileType = sourcecode.swift; path = Day6.swift; sourceTree = "<group>"; };
		76ED3D41275773B4001A5C6F /* Day1.swift */ = {isa = PBXFileReference; lastKnownFileType = sourcecode.swift; path = Day1.swift; sourceTree = "<group>"; };
		76ED3D4327577B9B001A5C6F /* Day.swift */ = {isa = PBXFileReference; lastKnownFileType = sourcecode.swift; path = Day.swift; sourceTree = "<group>"; };
/* End PBXFileReference section */

/* Begin PBXFrameworksBuildPhase section */
		76B202132756951900D54F61 /* Frameworks */ = {
			isa = PBXFrameworksBuildPhase;
			buildActionMask = 2147483647;
			files = (
				76B3A7B92757848100BE2DDA /* AOC_Solutions.framework in Frameworks */,
			);
			runOnlyForDeploymentPostprocessing = 0;
		};
		76B3A79E275783A600BE2DDA /* Frameworks */ = {
			isa = PBXFrameworksBuildPhase;
			buildActionMask = 2147483647;
			files = (
			);
			runOnlyForDeploymentPostprocessing = 0;
		};
		76B3A7A5275783A700BE2DDA /* Frameworks */ = {
			isa = PBXFrameworksBuildPhase;
			buildActionMask = 2147483647;
			files = (
				76B3A7A9275783A700BE2DDA /* AOC_Solutions.framework in Frameworks */,
			);
			runOnlyForDeploymentPostprocessing = 0;
		};
/* End PBXFrameworksBuildPhase section */

/* Begin PBXGroup section */
		76B2020D2756951900D54F61 = {
			isa = PBXGroup;
			children = (
				76B202182756951900D54F61 /* Kai-AOC */,
				76B3A7A2275783A600BE2DDA /* AOC-Solutions */,
				76B3A7AC275783A700BE2DDA /* AOC-SolutionsTests */,
				76B202172756951900D54F61 /* Products */,
				76B3A7B82757848100BE2DDA /* Frameworks */,
			);
			sourceTree = "<group>";
		};
		76B202172756951900D54F61 /* Products */ = {
			isa = PBXGroup;
			children = (
				76B202162756951900D54F61 /* Kai-AOC */,
				76B3A7A1275783A600BE2DDA /* AOC_Solutions.framework */,
				76B3A7A8275783A700BE2DDA /* AOC-SolutionsTests.xctest */,
			);
			name = Products;
			sourceTree = "<group>";
		};
		76B202182756951900D54F61 /* Kai-AOC */ = {
			isa = PBXGroup;
			children = (
				76B202192756951900D54F61 /* main.swift */,
			);
			path = "Kai-AOC";
			sourceTree = "<group>";
		};
		76B3A7A2275783A600BE2DDA /* AOC-Solutions */ = {
			isa = PBXGroup;
			children = (
				76ED3D4327577B9B001A5C6F /* Day.swift */,
				76ED3D41275773B4001A5C6F /* Day1.swift */,
				767C93EA2758CBD00088394C /* Day2.swift */,
				7624F5C0275A1B8600D1DEF4 /* Day3.swift */,
				768BF27F27626DFB00FC500D /* Day4.swift */,
				7623B15A2763A38C004406F1 /* Day5.swift */,
				76D57766275E2E2900197B77 /* Day6.swift */,
				76B3A7A3275783A600BE2DDA /* AOC_Solutions.h */,
			);
			path = "AOC-Solutions";
			sourceTree = "<group>";
		};
		76B3A7AC275783A700BE2DDA /* AOC-SolutionsTests */ = {
			isa = PBXGroup;
			children = (
				76B3A7AD275783A700BE2DDA /* AOC_SolutionsTests.swift */,
			);
			path = "AOC-SolutionsTests";
			sourceTree = "<group>";
		};
		76B3A7B82757848100BE2DDA /* Frameworks */ = {
			isa = PBXGroup;
			children = (
			);
			name = Frameworks;
			sourceTree = "<group>";
		};
/* End PBXGroup section */

/* Begin PBXHeadersBuildPhase section */
		76B3A79C275783A600BE2DDA /* Headers */ = {
			isa = PBXHeadersBuildPhase;
			buildActionMask = 2147483647;
			files = (
				76B3A7AF275783A700BE2DDA /* AOC_Solutions.h in Headers */,
			);
			runOnlyForDeploymentPostprocessing = 0;
		};
/* End PBXHeadersBuildPhase section */

/* Begin PBXNativeTarget section */
		76B202152756951900D54F61 /* Kai-AOC */ = {
			isa = PBXNativeTarget;
			buildConfigurationList = 76B2021D2756951900D54F61 /* Build configuration list for PBXNativeTarget "Kai-AOC" */;
			buildPhases = (
				76B202122756951900D54F61 /* Sources */,
				76B202132756951900D54F61 /* Frameworks */,
				76B202142756951900D54F61 /* CopyFiles */,
			);
			buildRules = (
			);
			dependencies = (
			);
			name = "Kai-AOC";
			productName = "Kai-AOC";
			productReference = 76B202162756951900D54F61 /* Kai-AOC */;
			productType = "com.apple.product-type.tool";
		};
		76B3A7A0275783A600BE2DDA /* AOC-Solutions */ = {
			isa = PBXNativeTarget;
			buildConfigurationList = 76B3A7B4275783A700BE2DDA /* Build configuration list for PBXNativeTarget "AOC-Solutions" */;
			buildPhases = (
				76B3A79C275783A600BE2DDA /* Headers */,
				76B3A79D275783A600BE2DDA /* Sources */,
				76B3A79E275783A600BE2DDA /* Frameworks */,
				76B3A79F275783A600BE2DDA /* Resources */,
			);
			buildRules = (
			);
			dependencies = (
			);
			name = "AOC-Solutions";
			productName = "AOC-Solutions";
			productReference = 76B3A7A1275783A600BE2DDA /* AOC_Solutions.framework */;
			productType = "com.apple.product-type.framework";
		};
		76B3A7A7275783A700BE2DDA /* AOC-SolutionsTests */ = {
			isa = PBXNativeTarget;
			buildConfigurationList = 76B3A7B5275783A700BE2DDA /* Build configuration list for PBXNativeTarget "AOC-SolutionsTests" */;
			buildPhases = (
				76B3A7A4275783A700BE2DDA /* Sources */,
				76B3A7A5275783A700BE2DDA /* Frameworks */,
				76B3A7A6275783A700BE2DDA /* Resources */,
			);
			buildRules = (
			);
			dependencies = (
				76B3A7AB275783A700BE2DDA /* PBXTargetDependency */,
			);
			name = "AOC-SolutionsTests";
			productName = "AOC-SolutionsTests";
			productReference = 76B3A7A8275783A700BE2DDA /* AOC-SolutionsTests.xctest */;
			productType = "com.apple.product-type.bundle.unit-test";
		};
/* End PBXNativeTarget section */

/* Begin PBXProject section */
		76B2020E2756951900D54F61 /* Project object */ = {
			isa = PBXProject;
			attributes = {
				BuildIndependentTargetsInParallel = 1;
				LastSwiftUpdateCheck = 1300;
				LastUpgradeCheck = 1300;
				TargetAttributes = {
					76B202152756951900D54F61 = {
						CreatedOnToolsVersion = 13.0;
					};
					76B3A7A0275783A600BE2DDA = {
						CreatedOnToolsVersion = 13.0;
					};
					76B3A7A7275783A700BE2DDA = {
						CreatedOnToolsVersion = 13.0;
					};
				};
			};
			buildConfigurationList = 76B202112756951900D54F61 /* Build configuration list for PBXProject "Kai-AOC" */;
			compatibilityVersion = "Xcode 13.0";
			developmentRegion = en;
			hasScannedForEncodings = 0;
			knownRegions = (
				en,
				Base,
			);
			mainGroup = 76B2020D2756951900D54F61;
			productRefGroup = 76B202172756951900D54F61 /* Products */;
			projectDirPath = "";
			projectRoot = "";
			targets = (
				76B202152756951900D54F61 /* Kai-AOC */,
				76B3A7A0275783A600BE2DDA /* AOC-Solutions */,
				76B3A7A7275783A700BE2DDA /* AOC-SolutionsTests */,
			);
		};
/* End PBXProject section */

/* Begin PBXResourcesBuildPhase section */
		76B3A79F275783A600BE2DDA /* Resources */ = {
			isa = PBXResourcesBuildPhase;
			buildActionMask = 2147483647;
			files = (
			);
			runOnlyForDeploymentPostprocessing = 0;
		};
		76B3A7A6275783A700BE2DDA /* Resources */ = {
			isa = PBXResourcesBuildPhase;
			buildActionMask = 2147483647;
			files = (
			);
			runOnlyForDeploymentPostprocessing = 0;
		};
/* End PBXResourcesBuildPhase section */

/* Begin PBXSourcesBuildPhase section */
		76B202122756951900D54F61 /* Sources */ = {
			isa = PBXSourcesBuildPhase;
			buildActionMask = 2147483647;
			files = (
				76B2021A2756951900D54F61 /* main.swift in Sources */,
			);
			runOnlyForDeploymentPostprocessing = 0;
		};
		76B3A79D275783A600BE2DDA /* Sources */ = {
			isa = PBXSourcesBuildPhase;
			buildActionMask = 2147483647;
			files = (
				76B3A7B7275783AD00BE2DDA /* Day.swift in Sources */,
				7623B15B2763A38C004406F1 /* Day5.swift in Sources */,
				768BF28027626DFB00FC500D /* Day4.swift in Sources */,
				76D57767275E2E2900197B77 /* Day6.swift in Sources */,
				767C93EB2758CBD00088394C /* Day2.swift in Sources */,
				7624F5C1275A1B8600D1DEF4 /* Day3.swift in Sources */,
				76B3A7B6275783AD00BE2DDA /* Day1.swift in Sources */,
			);
			runOnlyForDeploymentPostprocessing = 0;
		};
		76B3A7A4275783A700BE2DDA /* Sources */ = {
			isa = PBXSourcesBuildPhase;
			buildActionMask = 2147483647;
			files = (
				76B3A7AE275783A700BE2DDA /* AOC_SolutionsTests.swift in Sources */,
			);
			runOnlyForDeploymentPostprocessing = 0;
		};
/* End PBXSourcesBuildPhase section */

/* Begin PBXTargetDependency section */
		76B3A7AB275783A700BE2DDA /* PBXTargetDependency */ = {
			isa = PBXTargetDependency;
			target = 76B3A7A0275783A600BE2DDA /* AOC-Solutions */;
			targetProxy = 76B3A7AA275783A700BE2DDA /* PBXContainerItemProxy */;
		};
/* End PBXTargetDependency section */

/* Begin XCBuildConfiguration section */
		76B2021B2756951900D54F61 /* Debug */ = {
			isa = XCBuildConfiguration;
			buildSettings = {
				ALWAYS_SEARCH_USER_PATHS = NO;
				CLANG_ANALYZER_NONNULL = YES;
				CLANG_ANALYZER_NUMBER_OBJECT_CONVERSION = YES_AGGRESSIVE;
				CLANG_CXX_LANGUAGE_STANDARD = "gnu++17";
				CLANG_CXX_LIBRARY = "libc++";
				CLANG_ENABLE_MODULES = YES;
				CLANG_ENABLE_OBJC_ARC = YES;
				CLANG_ENABLE_OBJC_WEAK = YES;
				CLANG_WARN_BLOCK_CAPTURE_AUTORELEASING = YES;
				CLANG_WARN_BOOL_CONVERSION = YES;
				CLANG_WARN_COMMA = YES;
				CLANG_WARN_CONSTANT_CONVERSION = YES;
				CLANG_WARN_DEPRECATED_OBJC_IMPLEMENTATIONS = YES;
				CLANG_WARN_DIRECT_OBJC_ISA_USAGE = YES_ERROR;
				CLANG_WARN_DOCUMENTATION_COMMENTS = YES;
				CLANG_WARN_EMPTY_BODY = YES;
				CLANG_WARN_ENUM_CONVERSION = YES;
				CLANG_WARN_INFINITE_RECURSION = YES;
				CLANG_WARN_INT_CONVERSION = YES;
				CLANG_WARN_NON_LITERAL_NULL_CONVERSION = YES;
				CLANG_WARN_OBJC_IMPLICIT_RETAIN_SELF = YES;
				CLANG_WARN_OBJC_LITERAL_CONVERSION = YES;
				CLANG_WARN_OBJC_ROOT_CLASS = YES_ERROR;
				CLANG_WARN_QUOTED_INCLUDE_IN_FRAMEWORK_HEADER = YES;
				CLANG_WARN_RANGE_LOOP_ANALYSIS = YES;
				CLANG_WARN_STRICT_PROTOTYPES = YES;
				CLANG_WARN_SUSPICIOUS_MOVE = YES;
				CLANG_WARN_UNGUARDED_AVAILABILITY = YES_AGGRESSIVE;
				CLANG_WARN_UNREACHABLE_CODE = YES;
				CLANG_WARN__DUPLICATE_METHOD_MATCH = YES;
				COPY_PHASE_STRIP = NO;
				DEBUG_INFORMATION_FORMAT = dwarf;
				ENABLE_STRICT_OBJC_MSGSEND = YES;
				ENABLE_TESTABILITY = YES;
				GCC_C_LANGUAGE_STANDARD = gnu11;
				GCC_DYNAMIC_NO_PIC = NO;
				GCC_NO_COMMON_BLOCKS = YES;
				GCC_OPTIMIZATION_LEVEL = 0;
				GCC_PREPROCESSOR_DEFINITIONS = (
					"DEBUG=1",
					"$(inherited)",
				);
				GCC_WARN_64_TO_32_BIT_CONVERSION = YES;
				GCC_WARN_ABOUT_RETURN_TYPE = YES_ERROR;
				GCC_WARN_UNDECLARED_SELECTOR = YES;
				GCC_WARN_UNINITIALIZED_AUTOS = YES_AGGRESSIVE;
				GCC_WARN_UNUSED_FUNCTION = YES;
				GCC_WARN_UNUSED_VARIABLE = YES;
				MACOSX_DEPLOYMENT_TARGET = 11.3;
				MTL_ENABLE_DEBUG_INFO = INCLUDE_SOURCE;
				MTL_FAST_MATH = YES;
				ONLY_ACTIVE_ARCH = YES;
				SDKROOT = macosx;
				SWIFT_ACTIVE_COMPILATION_CONDITIONS = DEBUG;
				SWIFT_OPTIMIZATION_LEVEL = "-Onone";
			};
			name = Debug;
		};
		76B2021C2756951900D54F61 /* Release */ = {
			isa = XCBuildConfiguration;
			buildSettings = {
				ALWAYS_SEARCH_USER_PATHS = NO;
				CLANG_ANALYZER_NONNULL = YES;
				CLANG_ANALYZER_NUMBER_OBJECT_CONVERSION = YES_AGGRESSIVE;
				CLANG_CXX_LANGUAGE_STANDARD = "gnu++17";
				CLANG_CXX_LIBRARY = "libc++";
				CLANG_ENABLE_MODULES = YES;
				CLANG_ENABLE_OBJC_ARC = YES;
				CLANG_ENABLE_OBJC_WEAK = YES;
				CLANG_WARN_BLOCK_CAPTURE_AUTORELEASING = YES;
				CLANG_WARN_BOOL_CONVERSION = YES;
				CLANG_WARN_COMMA = YES;
				CLANG_WARN_CONSTANT_CONVERSION = YES;
				CLANG_WARN_DEPRECATED_OBJC_IMPLEMENTATIONS = YES;
				CLANG_WARN_DIRECT_OBJC_ISA_USAGE = YES_ERROR;
				CLANG_WARN_DOCUMENTATION_COMMENTS = YES;
				CLANG_WARN_EMPTY_BODY = YES;
				CLANG_WARN_ENUM_CONVERSION = YES;
				CLANG_WARN_INFINITE_RECURSION = YES;
				CLANG_WARN_INT_CONVERSION = YES;
				CLANG_WARN_NON_LITERAL_NULL_CONVERSION = YES;
				CLANG_WARN_OBJC_IMPLICIT_RETAIN_SELF = YES;
				CLANG_WARN_OBJC_LITERAL_CONVERSION = YES;
				CLANG_WARN_OBJC_ROOT_CLASS = YES_ERROR;
				CLANG_WARN_QUOTED_INCLUDE_IN_FRAMEWORK_HEADER = YES;
				CLANG_WARN_RANGE_LOOP_ANALYSIS = YES;
				CLANG_WARN_STRICT_PROTOTYPES = YES;
				CLANG_WARN_SUSPICIOUS_MOVE = YES;
				CLANG_WARN_UNGUARDED_AVAILABILITY = YES_AGGRESSIVE;
				CLANG_WARN_UNREACHABLE_CODE = YES;
				CLANG_WARN__DUPLICATE_METHOD_MATCH = YES;
				COPY_PHASE_STRIP = NO;
				DEBUG_INFORMATION_FORMAT = "dwarf-with-dsym";
				ENABLE_NS_ASSERTIONS = NO;
				ENABLE_STRICT_OBJC_MSGSEND = YES;
				GCC_C_LANGUAGE_STANDARD = gnu11;
				GCC_NO_COMMON_BLOCKS = YES;
				GCC_WARN_64_TO_32_BIT_CONVERSION = YES;
				GCC_WARN_ABOUT_RETURN_TYPE = YES_ERROR;
				GCC_WARN_UNDECLARED_SELECTOR = YES;
				GCC_WARN_UNINITIALIZED_AUTOS = YES_AGGRESSIVE;
				GCC_WARN_UNUSED_FUNCTION = YES;
				GCC_WARN_UNUSED_VARIABLE = YES;
				MACOSX_DEPLOYMENT_TARGET = 11.3;
				MTL_ENABLE_DEBUG_INFO = NO;
				MTL_FAST_MATH = YES;
				SDKROOT = macosx;
				SWIFT_COMPILATION_MODE = wholemodule;
				SWIFT_OPTIMIZATION_LEVEL = "-O";
			};
			name = Release;
		};
		76B2021E2756951900D54F61 /* Debug */ = {
			isa = XCBuildConfiguration;
			buildSettings = {
				CODE_SIGN_STYLE = Automatic;
				DEVELOPMENT_TEAM = BC6TS7F3K4;
				ENABLE_HARDENED_RUNTIME = YES;
				PRODUCT_NAME = "$(TARGET_NAME)";
				SWIFT_VERSION = 5.0;
			};
			name = Debug;
		};
		76B2021F2756951900D54F61 /* Release */ = {
			isa = XCBuildConfiguration;
			buildSettings = {
				CODE_SIGN_STYLE = Automatic;
				DEVELOPMENT_TEAM = BC6TS7F3K4;
				ENABLE_HARDENED_RUNTIME = YES;
				PRODUCT_NAME = "$(TARGET_NAME)";
				SWIFT_VERSION = 5.0;
			};
			name = Release;
		};
		76B3A7B0275783A700BE2DDA /* Debug */ = {
			isa = XCBuildConfiguration;
			buildSettings = {
				CODE_SIGN_STYLE = Automatic;
				COMBINE_HIDPI_IMAGES = YES;
				CURRENT_PROJECT_VERSION = 1;
				DEFINES_MODULE = YES;
				DEVELOPMENT_TEAM = BC6TS7F3K4;
				DYLIB_COMPATIBILITY_VERSION = 1;
				DYLIB_CURRENT_VERSION = 1;
				DYLIB_INSTALL_NAME_BASE = "@rpath";
				GENERATE_INFOPLIST_FILE = YES;
				INFOPLIST_KEY_NSHumanReadableCopyright = "";
				INSTALL_PATH = "$(LOCAL_LIBRARY_DIR)/Frameworks";
				LD_RUNPATH_SEARCH_PATHS = (
					"$(inherited)",
					"@executable_path/../Frameworks",
					"@loader_path/Frameworks",
				);
				MARKETING_VERSION = 1.0;
				PRODUCT_BUNDLE_IDENTIFIER = "com.kaimanmehmet.AOC-Solutions";
				PRODUCT_NAME = "$(TARGET_NAME:c99extidentifier)";
				SKIP_INSTALL = YES;
				SWIFT_EMIT_LOC_STRINGS = YES;
				SWIFT_VERSION = 5.0;
				VERSIONING_SYSTEM = "apple-generic";
				VERSION_INFO_PREFIX = "";
			};
			name = Debug;
		};
		76B3A7B1275783A700BE2DDA /* Release */ = {
			isa = XCBuildConfiguration;
			buildSettings = {
				CODE_SIGN_STYLE = Automatic;
				COMBINE_HIDPI_IMAGES = YES;
				CURRENT_PROJECT_VERSION = 1;
				DEFINES_MODULE = YES;
				DEVELOPMENT_TEAM = BC6TS7F3K4;
				DYLIB_COMPATIBILITY_VERSION = 1;
				DYLIB_CURRENT_VERSION = 1;
				DYLIB_INSTALL_NAME_BASE = "@rpath";
				GENERATE_INFOPLIST_FILE = YES;
				INFOPLIST_KEY_NSHumanReadableCopyright = "";
				INSTALL_PATH = "$(LOCAL_LIBRARY_DIR)/Frameworks";
				LD_RUNPATH_SEARCH_PATHS = (
					"$(inherited)",
					"@executable_path/../Frameworks",
					"@loader_path/Frameworks",
				);
				MARKETING_VERSION = 1.0;
				PRODUCT_BUNDLE_IDENTIFIER = "com.kaimanmehmet.AOC-Solutions";
				PRODUCT_NAME = "$(TARGET_NAME:c99extidentifier)";
				SKIP_INSTALL = YES;
				SWIFT_EMIT_LOC_STRINGS = YES;
				SWIFT_VERSION = 5.0;
				VERSIONING_SYSTEM = "apple-generic";
				VERSION_INFO_PREFIX = "";
			};
			name = Release;
		};
		76B3A7B2275783A700BE2DDA /* Debug */ = {
			isa = XCBuildConfiguration;
			buildSettings = {
				ALWAYS_EMBED_SWIFT_STANDARD_LIBRARIES = YES;
				CODE_SIGN_STYLE = Automatic;
				COMBINE_HIDPI_IMAGES = YES;
				CURRENT_PROJECT_VERSION = 1;
				DEVELOPMENT_TEAM = BC6TS7F3K4;
				GENERATE_INFOPLIST_FILE = YES;
				LD_RUNPATH_SEARCH_PATHS = (
					"$(inherited)",
					"@executable_path/../Frameworks",
					"@loader_path/../Frameworks",
				);
				MARKETING_VERSION = 1.0;
				PRODUCT_BUNDLE_IDENTIFIER = "com.kaimanmehmet.AOC-SolutionsTests";
				PRODUCT_NAME = "$(TARGET_NAME)";
				SWIFT_EMIT_LOC_STRINGS = NO;
				SWIFT_VERSION = 5.0;
			};
			name = Debug;
		};
		76B3A7B3275783A700BE2DDA /* Release */ = {
			isa = XCBuildConfiguration;
			buildSettings = {
				ALWAYS_EMBED_SWIFT_STANDARD_LIBRARIES = YES;
				CODE_SIGN_STYLE = Automatic;
				COMBINE_HIDPI_IMAGES = YES;
				CURRENT_PROJECT_VERSION = 1;
				DEVELOPMENT_TEAM = BC6TS7F3K4;
				GENERATE_INFOPLIST_FILE = YES;
				LD_RUNPATH_SEARCH_PATHS = (
					"$(inherited)",
					"@executable_path/../Frameworks",
					"@loader_path/../Frameworks",
				);
				MARKETING_VERSION = 1.0;
				PRODUCT_BUNDLE_IDENTIFIER = "com.kaimanmehmet.AOC-SolutionsTests";
				PRODUCT_NAME = "$(TARGET_NAME)";
				SWIFT_EMIT_LOC_STRINGS = NO;
				SWIFT_VERSION = 5.0;
			};
			name = Release;
		};
/* End XCBuildConfiguration section */

/* Begin XCConfigurationList section */
		76B202112756951900D54F61 /* Build configuration list for PBXProject "Kai-AOC" */ = {
			isa = XCConfigurationList;
			buildConfigurations = (
				76B2021B2756951900D54F61 /* Debug */,
				76B2021C2756951900D54F61 /* Release */,
			);
			defaultConfigurationIsVisible = 0;
			defaultConfigurationName = Release;
		};
		76B2021D2756951900D54F61 /* Build configuration list for PBXNativeTarget "Kai-AOC" */ = {
			isa = XCConfigurationList;
			buildConfigurations = (
				76B2021E2756951900D54F61 /* Debug */,
				76B2021F2756951900D54F61 /* Release */,
			);
			defaultConfigurationIsVisible = 0;
			defaultConfigurationName = Release;
		};
		76B3A7B4275783A700BE2DDA /* Build configuration list for PBXNativeTarget "AOC-Solutions" */ = {
			isa = XCConfigurationList;
			buildConfigurations = (
				76B3A7B0275783A700BE2DDA /* Debug */,
				76B3A7B1275783A700BE2DDA /* Release */,
			);
			defaultConfigurationIsVisible = 0;
			defaultConfigurationName = Release;
		};
		76B3A7B5275783A700BE2DDA /* Build configuration list for PBXNativeTarget "AOC-SolutionsTests" */ = {
			isa = XCConfigurationList;
			buildConfigurations = (
				76B3A7B2275783A700BE2DDA /* Debug */,
				76B3A7B3275783A700BE2DDA /* Release */,
			);
			defaultConfigurationIsVisible = 0;
			defaultConfigurationName = Release;
		};
/* End XCConfigurationList section */
	};
	rootObject = 76B2020E2756951900D54F61 /* Project object */;
}
